
Microsoft Visual Studio Solution File, Format Version 12.00
# Visual Studio 15
VisualStudioVersion = 15.0.26124.0
MinimumVisualStudioVersion = 15.0.26124.0
Project("{2150E333-8FDC-42A3-9474-1A3956D46DE8}") = "src", "src", "{F0FB1E81-3C38-4B4F-819E-27D258FF2899}"
EndProject
Project("{FAE04EC0-301F-11D3-BF4B-00C04F79EFBC}") = "RobotsTxtMiddleware", "src\RobotsTxtMiddleware\RobotsTxtMiddleware.csproj", "{610B25CA-70BD-4433-89D3-FEF56E583477}"
EndProject
Project("{2150E333-8FDC-42A3-9474-1A3956D46DE8}") = "tests", "tests", "{962DBC53-02D4-46CD-842D-AFC95CEBA59B}"
EndProject
Project("{FAE04EC0-301F-11D3-BF4B-00C04F79EFBC}") = "RobotsTxtMiddleware.Tests", "tests\RobotsTxtMiddleware.Tests\RobotsTxtMiddleware.Tests.csproj", "{8F7993B2-2ACB-46D7-BDE7-3845BFC31BCE}"
EndProject
Global
	GlobalSection(SolutionConfigurationPlatforms) = preSolution
		Debug|Any CPU = Debug|Any CPU
		Debug|x64 = Debug|x64
		Debug|x86 = Debug|x86
		Release|Any CPU = Release|Any CPU
		Release|x64 = Release|x64
		Release|x86 = Release|x86
	EndGlobalSection
	GlobalSection(SolutionProperties) = preSolution
		HideSolutionNode = FALSE
	EndGlobalSection
	GlobalSection(ProjectConfigurationPlatforms) = postSolution
		{610B25CA-70BD-4433-89D3-FEF56E583477}.Debug|Any CPU.ActiveCfg = Debug|Any CPU
		{610B25CA-70BD-4433-89D3-FEF56E583477}.Debug|Any CPU.Build.0 = Debug|Any CPU
		{610B25CA-70BD-4433-89D3-FEF56E583477}.Debug|x64.ActiveCfg = Debug|x64
		{610B25CA-70BD-4433-89D3-FEF56E583477}.Debug|x64.Build.0 = Debug|x64
		{610B25CA-70BD-4433-89D3-FEF56E583477}.Debug|x86.ActiveCfg = Debug|x86
		{610B25CA-70BD-4433-89D3-FEF56E583477}.Debug|x86.Build.0 = Debug|x86
		{610B25CA-70BD-4433-89D3-FEF56E583477}.Release|Any CPU.ActiveCfg = Release|Any CPU
		{610B25CA-70BD-4433-89D3-FEF56E583477}.Release|Any CPU.Build.0 = Release|Any CPU
		{610B25CA-70BD-4433-89D3-FEF56E583477}.Release|x64.ActiveCfg = Release|x64
		{610B25CA-70BD-4433-89D3-FEF56E583477}.Release|x64.Build.0 = Release|x64
		{610B25CA-70BD-4433-89D3-FEF56E583477}.Release|x86.ActiveCfg = Release|x86
		{610B25CA-70BD-4433-89D3-FEF56E583477}.Release|x86.Build.0 = Release|x86
		{8F7993B2-2ACB-46D7-BDE7-3845BFC31BCE}.Debug|Any CPU.ActiveCfg = Debug|Any CPU
		{8F7993B2-2ACB-46D7-BDE7-3845BFC31BCE}.Debug|Any CPU.Build.0 = Debug|Any CPU
		{8F7993B2-2ACB-46D7-BDE7-3845BFC31BCE}.Debug|x64.ActiveCfg = Debug|x64
		{8F7993B2-2ACB-46D7-BDE7-3845BFC31BCE}.Debug|x64.Build.0 = Debug|x64
		{8F7993B2-2ACB-46D7-BDE7-3845BFC31BCE}.Debug|x86.ActiveCfg = Debug|x86
		{8F7993B2-2ACB-46D7-BDE7-3845BFC31BCE}.Debug|x86.Build.0 = Debug|x86
		{8F7993B2-2ACB-46D7-BDE7-3845BFC31BCE}.Release|Any CPU.ActiveCfg = Release|Any CPU
		{8F7993B2-2ACB-46D7-BDE7-3845BFC31BCE}.Release|Any CPU.Build.0 = Release|Any CPU
		{8F7993B2-2ACB-46D7-BDE7-3845BFC31BCE}.Release|x64.ActiveCfg = Release|x64
		{8F7993B2-2ACB-46D7-BDE7-3845BFC31BCE}.Release|x64.Build.0 = Release|x64
		{8F7993B2-2ACB-46D7-BDE7-3845BFC31BCE}.Release|x86.ActiveCfg = Release|x86
		{8F7993B2-2ACB-46D7-BDE7-3845BFC31BCE}.Release|x86.Build.0 = Release|x86
	EndGlobalSection
	GlobalSection(NestedProjects) = preSolution
		{610B25CA-70BD-4433-89D3-FEF56E583477} = {F0FB1E81-3C38-4B4F-819E-27D258FF2899}
		{8F7993B2-2ACB-46D7-BDE7-3845BFC31BCE} = {962DBC53-02D4-46CD-842D-AFC95CEBA59B}
	EndGlobalSection
EndGlobal
